
Microsoft Visual Studio Solution File, Format Version 12.00
# Visual Studio 2013
VisualStudioVersion = 12.0.31101.0
MinimumVisualStudioVersion = 10.0.40219.1
Project("{FAE04EC0-301F-11D3-BF4B-00C04F79EFBC}") = "demo.Android", "demo.Android\demo.Android.csproj", "{2B9C5E10-BE86-4706-B9C5-6D94044666D1}"
EndProject
Project("{FAE04EC0-301F-11D3-BF4B-00C04F79EFBC}") = "demo.Shared", "demo.Shared\demo.Shared.csproj", "{DEEF358A-E52C-4B88-9BAA-98C813DF79DE}"
EndProject
Project("{FAE04EC0-301F-11D3-BF4B-00C04F79EFBC}") = "demo.iOS", "demo.iOS\demo.iOS.csproj", "{87913CDC-18FE-44B8-8B97-5D194BB416DF}"
EndProject
Project("{FAE04EC0-301F-11D3-BF4B-00C04F79EFBC}") = "demo.WinPhone", "demo.WinPhone\demo.WinPhone.csproj", "{2A742A9B-2B7E-4748-9B4B-6CA620320A21}"
EndProject
Global
	GlobalSection(SolutionConfigurationPlatforms) = preSolution
		Ad-Hoc|Any CPU = Ad-Hoc|Any CPU
		Ad-Hoc|iPhone = Ad-Hoc|iPhone
		Ad-Hoc|iPhoneSimulator = Ad-Hoc|iPhoneSimulator
		Ad-Hoc|Mixed Platforms = Ad-Hoc|Mixed Platforms
		AppStore|Any CPU = AppStore|Any CPU
		AppStore|iPhone = AppStore|iPhone
		AppStore|iPhoneSimulator = AppStore|iPhoneSimulator
		AppStore|Mixed Platforms = AppStore|Mixed Platforms
		Debug|Any CPU = Debug|Any CPU
		Debug|iPhone = Debug|iPhone
		Debug|iPhoneSimulator = Debug|iPhoneSimulator
		Debug|Mixed Platforms = Debug|Mixed Platforms
		Release|Any CPU = Release|Any CPU
		Release|iPhone = Release|iPhone
		Release|iPhoneSimulator = Release|iPhoneSimulator
		Release|Mixed Platforms = Release|Mixed Platforms
	EndGlobalSection
	GlobalSection(ProjectConfigurationPlatforms) = postSolution
		{2B9C5E10-BE86-4706-B9C5-6D94044666D1}.Ad-Hoc|Any CPU.ActiveCfg = Release|Any CPU
		{2B9C5E10-BE86-4706-B9C5-6D94044666D1}.Ad-Hoc|Any CPU.Build.0 = Release|Any CPU
		{2B9C5E10-BE86-4706-B9C5-6D94044666D1}.Ad-Hoc|Any CPU.Deploy.0 = Release|Any CPU
		{2B9C5E10-BE86-4706-B9C5-6D94044666D1}.Ad-Hoc|iPhone.ActiveCfg = Release|Any CPU
		{2B9C5E10-BE86-4706-B9C5-6D94044666D1}.Ad-Hoc|iPhoneSimulator.ActiveCfg = Release|Any CPU
		{2B9C5E10-BE86-4706-B9C5-6D94044666D1}.Ad-Hoc|Mixed Platforms.ActiveCfg = Release|Any CPU
		{2B9C5E10-BE86-4706-B9C5-6D94044666D1}.Ad-Hoc|Mixed Platforms.Build.0 = Release|Any CPU
		{2B9C5E10-BE86-4706-B9C5-6D94044666D1}.Ad-Hoc|Mixed Platforms.Deploy.0 = Release|Any CPU
		{2B9C5E10-BE86-4706-B9C5-6D94044666D1}.AppStore|Any CPU.ActiveCfg = Release|Any CPU
		{2B9C5E10-BE86-4706-B9C5-6D94044666D1}.AppStore|Any CPU.Build.0 = Release|Any CPU
		{2B9C5E10-BE86-4706-B9C5-6D94044666D1}.AppStore|Any CPU.Deploy.0 = Release|Any CPU
		{2B9C5E10-BE86-4706-B9C5-6D94044666D1}.AppStore|iPhone.ActiveCfg = Release|Any CPU
		{2B9C5E10-BE86-4706-B9C5-6D94044666D1}.AppStore|iPhoneSimulator.ActiveCfg = Release|Any CPU
		{2B9C5E10-BE86-4706-B9C5-6D94044666D1}.AppStore|Mixed Platforms.ActiveCfg = Release|Any CPU
		{2B9C5E10-BE86-4706-B9C5-6D94044666D1}.AppStore|Mixed Platforms.Build.0 = Release|Any CPU
		{2B9C5E10-BE86-4706-B9C5-6D94044666D1}.AppStore|Mixed Platforms.Deploy.0 = Release|Any CPU
		{2B9C5E10-BE86-4706-B9C5-6D94044666D1}.Debug|Any CPU.ActiveCfg = Debug|Any CPU
		{2B9C5E10-BE86-4706-B9C5-6D94044666D1}.Debug|Any CPU.Build.0 = Debug|Any CPU
		{2B9C5E10-BE86-4706-B9C5-6D94044666D1}.Debug|Any CPU.Deploy.0 = Debug|Any CPU
		{2B9C5E10-BE86-4706-B9C5-6D94044666D1}.Debug|iPhone.ActiveCfg = Debug|Any CPU
		{2B9C5E10-BE86-4706-B9C5-6D94044666D1}.Debug|iPhoneSimulator.ActiveCfg = Debug|Any CPU
		{2B9C5E10-BE86-4706-B9C5-6D94044666D1}.Debug|Mixed Platforms.ActiveCfg = Debug|Any CPU
		{2B9C5E10-BE86-4706-B9C5-6D94044666D1}.Debug|Mixed Platforms.Build.0 = Debug|Any CPU
		{2B9C5E10-BE86-4706-B9C5-6D94044666D1}.Debug|Mixed Platforms.Deploy.0 = Debug|Any CPU
		{2B9C5E10-BE86-4706-B9C5-6D94044666D1}.Release|Any CPU.ActiveCfg = Release|Any CPU
		{2B9C5E10-BE86-4706-B9C5-6D94044666D1}.Release|Any CPU.Build.0 = Release|Any CPU
		{2B9C5E10-BE86-4706-B9C5-6D94044666D1}.Release|Any CPU.Deploy.0 = Release|Any CPU
		{2B9C5E10-BE86-4706-B9C5-6D94044666D1}.Release|iPhone.ActiveCfg = Release|Any CPU
		{2B9C5E10-BE86-4706-B9C5-6D94044666D1}.Release|iPhoneSimulator.ActiveCfg = Release|Any CPU
		{2B9C5E10-BE86-4706-B9C5-6D94044666D1}.Release|Mixed Platforms.ActiveCfg = Release|Any CPU
		{2B9C5E10-BE86-4706-B9C5-6D94044666D1}.Release|Mixed Platforms.Build.0 = Release|Any CPU
		{2B9C5E10-BE86-4706-B9C5-6D94044666D1}.Release|Mixed Platforms.Deploy.0 = Release|Any CPU
		{DEEF358A-E52C-4B88-9BAA-98C813DF79DE}.Ad-Hoc|Any CPU.ActiveCfg = Release|Any CPU
		{DEEF358A-E52C-4B88-9BAA-98C813DF79DE}.Ad-Hoc|Any CPU.Build.0 = Release|Any CPU
		{DEEF358A-E52C-4B88-9BAA-98C813DF79DE}.Ad-Hoc|iPhone.ActiveCfg = Release|Any CPU
		{DEEF358A-E52C-4B88-9BAA-98C813DF79DE}.Ad-Hoc|iPhone.Build.0 = Release|Any CPU
		{DEEF358A-E52C-4B88-9BAA-98C813DF79DE}.Ad-Hoc|iPhoneSimulator.ActiveCfg = Release|Any CPU
		{DEEF358A-E52C-4B88-9BAA-98C813DF79DE}.Ad-Hoc|iPhoneSimulator.Build.0 = Release|Any CPU
		{DEEF358A-E52C-4B88-9BAA-98C813DF79DE}.Ad-Hoc|Mixed Platforms.ActiveCfg = Release|Any CPU
		{DEEF358A-E52C-4B88-9BAA-98C813DF79DE}.Ad-Hoc|Mixed Platforms.Build.0 = Release|Any CPU
		{DEEF358A-E52C-4B88-9BAA-98C813DF79DE}.AppStore|Any CPU.ActiveCfg = Release|Any CPU
		{DEEF358A-E52C-4B88-9BAA-98C813DF79DE}.AppStore|Any CPU.Build.0 = Release|Any CPU
		{DEEF358A-E52C-4B88-9BAA-98C813DF79DE}.AppStore|iPhone.ActiveCfg = Release|Any CPU
		{DEEF358A-E52C-4B88-9BAA-98C813DF79DE}.AppStore|iPhone.Build.0 = Release|Any CPU
		{DEEF358A-E52C-4B88-9BAA-98C813DF79DE}.AppStore|iPhoneSimulator.ActiveCfg = Release|Any CPU
		{DEEF358A-E52C-4B88-9BAA-98C813DF79DE}.AppStore|iPhoneSimulator.Build.0 = Release|Any CPU
		{DEEF358A-E52C-4B88-9BAA-98C813DF79DE}.AppStore|Mixed Platforms.ActiveCfg = Release|Any CPU
		{DEEF358A-E52C-4B88-9BAA-98C813DF79DE}.AppStore|Mixed Platforms.Build.0 = Release|Any CPU
		{DEEF358A-E52C-4B88-9BAA-98C813DF79DE}.Debug|Any CPU.ActiveCfg = Debug|Any CPU
		{DEEF358A-E52C-4B88-9BAA-98C813DF79DE}.Debug|Any CPU.Build.0 = Debug|Any CPU
		{DEEF358A-E52C-4B88-9BAA-98C813DF79DE}.Debug|iPhone.ActiveCfg = Debug|Any CPU
		{DEEF358A-E52C-4B88-9BAA-98C813DF79DE}.Debug|iPhoneSimulator.ActiveCfg = Debug|Any CPU
		{DEEF358A-E52C-4B88-9BAA-98C813DF79DE}.Debug|Mixed Platforms.ActiveCfg = Debug|Any CPU
		{DEEF358A-E52C-4B88-9BAA-98C813DF79DE}.Debug|Mixed Platforms.Build.0 = Debug|Any CPU
		{DEEF358A-E52C-4B88-9BAA-98C813DF79DE}.Release|Any CPU.ActiveCfg = Release|Any CPU
		{DEEF358A-E52C-4B88-9BAA-98C813DF79DE}.Release|Any CPU.Build.0 = Release|Any CPU
		{DEEF358A-E52C-4B88-9BAA-98C813DF79DE}.Release|iPhone.ActiveCfg = Release|Any CPU
		{DEEF358A-E52C-4B88-9BAA-98C813DF79DE}.Release|iPhone.Build.0 = Release|Any CPU
		{DEEF358A-E52C-4B88-9BAA-98C813DF79DE}.Release|iPhoneSimulator.ActiveCfg = Release|Any CPU
		{DEEF358A-E52C-4B88-9BAA-98C813DF79DE}.Release|Mixed Platforms.ActiveCfg = Release|Any CPU
		{DEEF358A-E52C-4B88-9BAA-98C813DF79DE}.Release|Mixed Platforms.Build.0 = Release|Any CPU
		{87913CDC-18FE-44B8-8B97-5D194BB416DF}.Ad-Hoc|Any CPU.ActiveCfg = Ad-Hoc|iPhone
		{87913CDC-18FE-44B8-8B97-5D194BB416DF}.Ad-Hoc|iPhone.ActiveCfg = Ad-Hoc|iPhone
		{87913CDC-18FE-44B8-8B97-5D194BB416DF}.Ad-Hoc|iPhone.Build.0 = Ad-Hoc|iPhone
		{87913CDC-18FE-44B8-8B97-5D194BB416DF}.Ad-Hoc|iPhone.Deploy.0 = Ad-Hoc|iPhone
		{87913CDC-18FE-44B8-8B97-5D194BB416DF}.Ad-Hoc|iPhoneSimulator.ActiveCfg = Ad-Hoc|iPhoneSimulator
		{87913CDC-18FE-44B8-8B97-5D194BB416DF}.Ad-Hoc|iPhoneSimulator.Build.0 = Ad-Hoc|iPhoneSimulator
		{87913CDC-18FE-44B8-8B97-5D194BB416DF}.Ad-Hoc|iPhoneSimulator.Deploy.0 = Ad-Hoc|iPhoneSimulator
		{87913CDC-18FE-44B8-8B97-5D194BB416DF}.Ad-Hoc|Mixed Platforms.ActiveCfg = Ad-Hoc|iPhone
		{87913CDC-18FE-44B8-8B97-5D194BB416DF}.Ad-Hoc|Mixed Platforms.Build.0 = Ad-Hoc|iPhone
		{87913CDC-18FE-44B8-8B97-5D194BB416DF}.Ad-Hoc|Mixed Platforms.Deploy.0 = Ad-Hoc|iPhone
		{87913CDC-18FE-44B8-8B97-5D194BB416DF}.AppStore|Any CPU.ActiveCfg = AppStore|iPhone
		{87913CDC-18FE-44B8-8B97-5D194BB416DF}.AppStore|iPhone.ActiveCfg = AppStore|iPhone
		{87913CDC-18FE-44B8-8B97-5D194BB416DF}.AppStore|iPhone.Build.0 = AppStore|iPhone
		{87913CDC-18FE-44B8-8B97-5D194BB416DF}.AppStore|iPhone.Deploy.0 = AppStore|iPhone
		{87913CDC-18FE-44B8-8B97-5D194BB416DF}.AppStore|iPhoneSimulator.ActiveCfg = AppStore|iPhoneSimulator
		{87913CDC-18FE-44B8-8B97-5D194BB416DF}.AppStore|iPhoneSimulator.Build.0 = AppStore|iPhoneSimulator
		{87913CDC-18FE-44B8-8B97-5D194BB416DF}.AppStore|iPhoneSimulator.Deploy.0 = AppStore|iPhoneSimulator
		{87913CDC-18FE-44B8-8B97-5D194BB416DF}.AppStore|Mixed Platforms.ActiveCfg = AppStore|iPhone
		{87913CDC-18FE-44B8-8B97-5D194BB416DF}.AppStore|Mixed Platforms.Build.0 = AppStore|iPhone
		{87913CDC-18FE-44B8-8B97-5D194BB416DF}.AppStore|Mixed Platforms.Deploy.0 = AppStore|iPhone
		{87913CDC-18FE-44B8-8B97-5D194BB416DF}.Debug|Any CPU.ActiveCfg = Debug|iPhone
		{87913CDC-18FE-44B8-8B97-5D194BB416DF}.Debug|iPhone.ActiveCfg = Debug|iPhone
		{87913CDC-18FE-44B8-8B97-5D194BB416DF}.Debug|iPhone.Build.0 = Debug|iPhone
		{87913CDC-18FE-44B8-8B97-5D194BB416DF}.Debug|iPhone.Deploy.0 = Debug|iPhone
		{87913CDC-18FE-44B8-8B97-5D194BB416DF}.Debug|iPhoneSimulator.ActiveCfg = Debug|iPhoneSimulator
		{87913CDC-18FE-44B8-8B97-5D194BB416DF}.Debug|iPhoneSimulator.Build.0 = Debug|iPhoneSimulator
		{87913CDC-18FE-44B8-8B97-5D194BB416DF}.Debug|iPhoneSimulator.Deploy.0 = Debug|iPhoneSimulator
		{87913CDC-18FE-44B8-8B97-5D194BB416DF}.Debug|Mixed Platforms.ActiveCfg = Debug|iPhone
		{87913CDC-18FE-44B8-8B97-5D194BB416DF}.Debug|Mixed Platforms.Build.0 = Debug|iPhone
		{87913CDC-18FE-44B8-8B97-5D194BB416DF}.Debug|Mixed Platforms.Deploy.0 = Debug|iPhone
		{87913CDC-18FE-44B8-8B97-5D194BB416DF}.Release|Any CPU.ActiveCfg = Release|iPhone
		{87913CDC-18FE-44B8-8B97-5D194BB416DF}.Release|iPhone.ActiveCfg = Release|iPhone
		{87913CDC-18FE-44B8-8B97-5D194BB416DF}.Release|iPhone.Build.0 = Release|iPhone
		{87913CDC-18FE-44B8-8B97-5D194BB416DF}.Release|iPhone.Deploy.0 = Release|iPhone
		{87913CDC-18FE-44B8-8B97-5D194BB416DF}.Release|iPhoneSimulator.ActiveCfg = Release|iPhoneSimulator
		{87913CDC-18FE-44B8-8B97-5D194BB416DF}.Release|iPhoneSimulator.Build.0 = Release|iPhoneSimulator
		{87913CDC-18FE-44B8-8B97-5D194BB416DF}.Release|iPhoneSimulator.Deploy.0 = Release|iPhoneSimulator
		{87913CDC-18FE-44B8-8B97-5D194BB416DF}.Release|Mixed Platforms.ActiveCfg = Release|iPhone
		{87913CDC-18FE-44B8-8B97-5D194BB416DF}.Release|Mixed Platforms.Build.0 = Release|iPhone
		{87913CDC-18FE-44B8-8B97-5D194BB416DF}.Release|Mixed Platforms.Deploy.0 = Release|iPhone
		{2A742A9B-2B7E-4748-9B4B-6CA620320A21}.Ad-Hoc|Any CPU.ActiveCfg = Release|Any CPU
		{2A742A9B-2B7E-4748-9B4B-6CA620320A21}.Ad-Hoc|Any CPU.Build.0 = Release|Any CPU
		{2A742A9B-2B7E-4748-9B4B-6CA620320A21}.Ad-Hoc|Any CPU.Deploy.0 = Release|Any CPU
		{2A742A9B-2B7E-4748-9B4B-6CA620320A21}.Ad-Hoc|iPhone.ActiveCfg = Release|Any CPU
		{2A742A9B-2B7E-4748-9B4B-6CA620320A21}.Ad-Hoc|iPhoneSimulator.ActiveCfg = Release|Any CPU
		{2A742A9B-2B7E-4748-9B4B-6CA620320A21}.Ad-Hoc|Mixed Platforms.ActiveCfg = Release|x86
		{2A742A9B-2B7E-4748-9B4B-6CA620320A21}.Ad-Hoc|Mixed Platforms.Build.0 = Release|x86
		{2A742A9B-2B7E-4748-9B4B-6CA620320A21}.Ad-Hoc|Mixed Platforms.Deploy.0 = Release|x86
		{2A742A9B-2B7E-4748-9B4B-6CA620320A21}.AppStore|Any CPU.ActiveCfg = Release|Any CPU
		{2A742A9B-2B7E-4748-9B4B-6CA620320A21}.AppStore|Any CPU.Build.0 = Release|Any CPU
		{2A742A9B-2B7E-4748-9B4B-6CA620320A21}.AppStore|Any CPU.Deploy.0 = Release|Any CPU
		{2A742A9B-2B7E-4748-9B4B-6CA620320A21}.AppStore|iPhone.ActiveCfg = Release|Any CPU
		{2A742A9B-2B7E-4748-9B4B-6CA620320A21}.AppStore|iPhoneSimulator.ActiveCfg = Release|Any CPU
		{2A742A9B-2B7E-4748-9B4B-6CA620320A21}.AppStore|Mixed Platforms.ActiveCfg = Release|x86
		{2A742A9B-2B7E-4748-9B4B-6CA620320A21}.AppStore|Mixed Platforms.Build.0 = Release|x86
		{2A742A9B-2B7E-4748-9B4B-6CA620320A21}.AppStore|Mixed Platforms.Deploy.0 = Release|x86
		{2A742A9B-2B7E-4748-9B4B-6CA620320A21}.Debug|Any CPU.ActiveCfg = Debug|ARM
		{2A742A9B-2B7E-4748-9B4B-6CA620320A21}.Debug|Any CPU.Build.0 = Debug|ARM
		{2A742A9B-2B7E-4748-9B4B-6CA620320A21}.Debug|Any CPU.Deploy.0 = Debug|ARM
		{2A742A9B-2B7E-4748-9B4B-6CA620320A21}.Debug|iPhone.ActiveCfg = Debug|Any CPU
		{2A742A9B-2B7E-4748-9B4B-6CA620320A21}.Debug|iPhoneSimulator.ActiveCfg = Debug|Any CPU
		{2A742A9B-2B7E-4748-9B4B-6CA620320A21}.Debug|Mixed Platforms.ActiveCfg = Debug|ARM
		{2A742A9B-2B7E-4748-9B4B-6CA620320A21}.Debug|Mixed Platforms.Build.0 = Debug|ARM
		{2A742A9B-2B7E-4748-9B4B-6CA620320A21}.Debug|Mixed Platforms.Deploy.0 = Debug|ARM
		{2A742A9B-2B7E-4748-9B4B-6CA620320A21}.Release|Any CPU.ActiveCfg = Release|ARM
		{2A742A9B-2B7E-4748-9B4B-6CA620320A21}.Release|Any CPU.Build.0 = Release|ARM
		{2A742A9B-2B7E-4748-9B4B-6CA620320A21}.Release|Any CPU.Deploy.0 = Release|ARM
		{2A742A9B-2B7E-4748-9B4B-6CA620320A21}.Release|iPhone.ActiveCfg = Release|Any CPU
		{2A742A9B-2B7E-4748-9B4B-6CA620320A21}.Release|iPhoneSimulator.ActiveCfg = Release|Any CPU
		{2A742A9B-2B7E-4748-9B4B-6CA620320A21}.Release|Mixed Platforms.ActiveCfg = Release|ARM
		{2A742A9B-2B7E-4748-9B4B-6CA620320A21}.Release|Mixed Platforms.Build.0 = Release|ARM
		{2A742A9B-2B7E-4748-9B4B-6CA620320A21}.Release|Mixed Platforms.Deploy.0 = Release|ARM
	EndGlobalSection
	GlobalSection(SolutionProperties) = preSolution
		HideSolutionNode = FALSE
	EndGlobalSection
EndGlobal
