
Microsoft Visual Studio Solution File, Format Version 12.00
# Visual Studio 2013
VisualStudioVersion = 12.0.31101.0
MinimumVisualStudioVersion = 10.0.40219.1
Project("{FAE04EC0-301F-11D3-BF4B-00C04F79EFBC}") = "demo.Android", "demo.Android\demo.Android.csproj", "{979F71BD-8804-478C-9AE8-14F3F1EC4A19}"
EndProject
Project("{FAE04EC0-301F-11D3-BF4B-00C04F79EFBC}") = "demo.Shared", "demo.Shared\demo.Shared.csproj", "{ED68CFFC-715C-41DA-86D0-FF30B3E51852}"
EndProject
Project("{FAE04EC0-301F-11D3-BF4B-00C04F79EFBC}") = "demo.iOS", "demo.iOS\demo.iOS.csproj", "{52A62A66-922D-411A-A358-C49EBFDF812E}"
EndProject
Project("{FAE04EC0-301F-11D3-BF4B-00C04F79EFBC}") = "demo.Windows", "demo.Windows81\demo.Windows.csproj", "{4A293B12-57A7-4D13-B923-8EAEF50A4623}"
EndProject
Project("{FAE04EC0-301F-11D3-BF4B-00C04F79EFBC}") = "demo.WindowsUWP", "demo.WindowsUWP\demo.WindowsUWP.csproj", "{417D9532-4D10-4071-9DDE-6D4BC1CFEBA8}"
EndProject
Global
	GlobalSection(SolutionConfigurationPlatforms) = preSolution
		Ad-Hoc|Any CPU = Ad-Hoc|Any CPU
		Ad-Hoc|iPhone = Ad-Hoc|iPhone
		Ad-Hoc|iPhoneSimulator = Ad-Hoc|iPhoneSimulator
		Ad-Hoc|Mixed Platforms = Ad-Hoc|Mixed Platforms
		AppStore|Any CPU = AppStore|Any CPU
		AppStore|iPhone = AppStore|iPhone
		AppStore|iPhoneSimulator = AppStore|iPhoneSimulator
		AppStore|Mixed Platforms = AppStore|Mixed Platforms
		Debug|Any CPU = Debug|Any CPU
		Debug|iPhone = Debug|iPhone
		Debug|iPhoneSimulator = Debug|iPhoneSimulator
		Debug|Mixed Platforms = Debug|Mixed Platforms
		Release|Any CPU = Release|Any CPU
		Release|iPhone = Release|iPhone
		Release|iPhoneSimulator = Release|iPhoneSimulator
		Release|Mixed Platforms = Release|Mixed Platforms
	EndGlobalSection
	GlobalSection(ProjectConfigurationPlatforms) = postSolution
		{979F71BD-8804-478C-9AE8-14F3F1EC4A19}.Ad-Hoc|Any CPU.ActiveCfg = Release|Any CPU
		{979F71BD-8804-478C-9AE8-14F3F1EC4A19}.Ad-Hoc|Any CPU.Build.0 = Release|Any CPU
		{979F71BD-8804-478C-9AE8-14F3F1EC4A19}.Ad-Hoc|Any CPU.Deploy.0 = Release|Any CPU
		{979F71BD-8804-478C-9AE8-14F3F1EC4A19}.Ad-Hoc|iPhone.ActiveCfg = Release|Any CPU
		{979F71BD-8804-478C-9AE8-14F3F1EC4A19}.Ad-Hoc|iPhoneSimulator.ActiveCfg = Release|Any CPU
		{979F71BD-8804-478C-9AE8-14F3F1EC4A19}.Ad-Hoc|Mixed Platforms.ActiveCfg = Release|Any CPU
		{979F71BD-8804-478C-9AE8-14F3F1EC4A19}.Ad-Hoc|Mixed Platforms.Build.0 = Release|Any CPU
		{979F71BD-8804-478C-9AE8-14F3F1EC4A19}.Ad-Hoc|Mixed Platforms.Deploy.0 = Release|Any CPU
		{979F71BD-8804-478C-9AE8-14F3F1EC4A19}.AppStore|Any CPU.ActiveCfg = Release|Any CPU
		{979F71BD-8804-478C-9AE8-14F3F1EC4A19}.AppStore|Any CPU.Build.0 = Release|Any CPU
		{979F71BD-8804-478C-9AE8-14F3F1EC4A19}.AppStore|Any CPU.Deploy.0 = Release|Any CPU
		{979F71BD-8804-478C-9AE8-14F3F1EC4A19}.AppStore|iPhone.ActiveCfg = Release|Any CPU
		{979F71BD-8804-478C-9AE8-14F3F1EC4A19}.AppStore|iPhoneSimulator.ActiveCfg = Release|Any CPU
		{979F71BD-8804-478C-9AE8-14F3F1EC4A19}.AppStore|Mixed Platforms.ActiveCfg = Release|Any CPU
		{979F71BD-8804-478C-9AE8-14F3F1EC4A19}.AppStore|Mixed Platforms.Build.0 = Release|Any CPU
		{979F71BD-8804-478C-9AE8-14F3F1EC4A19}.AppStore|Mixed Platforms.Deploy.0 = Release|Any CPU
		{979F71BD-8804-478C-9AE8-14F3F1EC4A19}.Debug|Any CPU.ActiveCfg = Debug|Any CPU
		{979F71BD-8804-478C-9AE8-14F3F1EC4A19}.Debug|Any CPU.Build.0 = Debug|Any CPU
		{979F71BD-8804-478C-9AE8-14F3F1EC4A19}.Debug|Any CPU.Deploy.0 = Debug|Any CPU
		{979F71BD-8804-478C-9AE8-14F3F1EC4A19}.Debug|iPhone.ActiveCfg = Debug|Any CPU
		{979F71BD-8804-478C-9AE8-14F3F1EC4A19}.Debug|iPhoneSimulator.ActiveCfg = Debug|Any CPU
		{979F71BD-8804-478C-9AE8-14F3F1EC4A19}.Debug|Mixed Platforms.ActiveCfg = Debug|Any CPU
		{979F71BD-8804-478C-9AE8-14F3F1EC4A19}.Debug|Mixed Platforms.Build.0 = Debug|Any CPU
		{979F71BD-8804-478C-9AE8-14F3F1EC4A19}.Debug|Mixed Platforms.Deploy.0 = Debug|Any CPU
		{979F71BD-8804-478C-9AE8-14F3F1EC4A19}.Release|Any CPU.ActiveCfg = Release|Any CPU
		{979F71BD-8804-478C-9AE8-14F3F1EC4A19}.Release|Any CPU.Build.0 = Release|Any CPU
		{979F71BD-8804-478C-9AE8-14F3F1EC4A19}.Release|Any CPU.Deploy.0 = Release|Any CPU
		{979F71BD-8804-478C-9AE8-14F3F1EC4A19}.Release|iPhone.ActiveCfg = Release|Any CPU
		{979F71BD-8804-478C-9AE8-14F3F1EC4A19}.Release|iPhoneSimulator.ActiveCfg = Release|Any CPU
		{979F71BD-8804-478C-9AE8-14F3F1EC4A19}.Release|Mixed Platforms.ActiveCfg = Release|Any CPU
		{979F71BD-8804-478C-9AE8-14F3F1EC4A19}.Release|Mixed Platforms.Build.0 = Release|Any CPU
		{979F71BD-8804-478C-9AE8-14F3F1EC4A19}.Release|Mixed Platforms.Deploy.0 = Release|Any CPU
		{ED68CFFC-715C-41DA-86D0-FF30B3E51852}.Ad-Hoc|Any CPU.ActiveCfg = Release|Any CPU
		{ED68CFFC-715C-41DA-86D0-FF30B3E51852}.Ad-Hoc|Any CPU.Build.0 = Release|Any CPU
		{ED68CFFC-715C-41DA-86D0-FF30B3E51852}.Ad-Hoc|iPhone.ActiveCfg = Release|Any CPU
		{ED68CFFC-715C-41DA-86D0-FF30B3E51852}.Ad-Hoc|iPhone.Build.0 = Release|Any CPU
		{ED68CFFC-715C-41DA-86D0-FF30B3E51852}.Ad-Hoc|iPhoneSimulator.ActiveCfg = Release|Any CPU
		{ED68CFFC-715C-41DA-86D0-FF30B3E51852}.Ad-Hoc|iPhoneSimulator.Build.0 = Release|Any CPU
		{ED68CFFC-715C-41DA-86D0-FF30B3E51852}.Ad-Hoc|Mixed Platforms.ActiveCfg = Release|Any CPU
		{ED68CFFC-715C-41DA-86D0-FF30B3E51852}.Ad-Hoc|Mixed Platforms.Build.0 = Release|Any CPU
		{ED68CFFC-715C-41DA-86D0-FF30B3E51852}.AppStore|Any CPU.ActiveCfg = Release|Any CPU
		{ED68CFFC-715C-41DA-86D0-FF30B3E51852}.AppStore|Any CPU.Build.0 = Release|Any CPU
		{ED68CFFC-715C-41DA-86D0-FF30B3E51852}.AppStore|iPhone.ActiveCfg = Release|Any CPU
		{ED68CFFC-715C-41DA-86D0-FF30B3E51852}.AppStore|iPhone.Build.0 = Release|Any CPU
		{ED68CFFC-715C-41DA-86D0-FF30B3E51852}.AppStore|iPhoneSimulator.ActiveCfg = Release|Any CPU
		{ED68CFFC-715C-41DA-86D0-FF30B3E51852}.AppStore|iPhoneSimulator.Build.0 = Release|Any CPU
		{ED68CFFC-715C-41DA-86D0-FF30B3E51852}.AppStore|Mixed Platforms.ActiveCfg = Release|Any CPU
		{ED68CFFC-715C-41DA-86D0-FF30B3E51852}.AppStore|Mixed Platforms.Build.0 = Release|Any CPU
		{ED68CFFC-715C-41DA-86D0-FF30B3E51852}.Debug|Any CPU.ActiveCfg = Debug|Any CPU
		{ED68CFFC-715C-41DA-86D0-FF30B3E51852}.Debug|Any CPU.Build.0 = Debug|Any CPU
		{ED68CFFC-715C-41DA-86D0-FF30B3E51852}.Debug|iPhone.ActiveCfg = Debug|Any CPU
		{ED68CFFC-715C-41DA-86D0-FF30B3E51852}.Debug|iPhoneSimulator.ActiveCfg = Debug|Any CPU
		{ED68CFFC-715C-41DA-86D0-FF30B3E51852}.Debug|Mixed Platforms.ActiveCfg = Debug|Any CPU
		{ED68CFFC-715C-41DA-86D0-FF30B3E51852}.Debug|Mixed Platforms.Build.0 = Debug|Any CPU
		{ED68CFFC-715C-41DA-86D0-FF30B3E51852}.Release|Any CPU.ActiveCfg = Release|Any CPU
		{ED68CFFC-715C-41DA-86D0-FF30B3E51852}.Release|Any CPU.Build.0 = Release|Any CPU
		{ED68CFFC-715C-41DA-86D0-FF30B3E51852}.Release|iPhone.ActiveCfg = Release|Any CPU
		{ED68CFFC-715C-41DA-86D0-FF30B3E51852}.Release|iPhoneSimulator.ActiveCfg = Release|Any CPU
		{ED68CFFC-715C-41DA-86D0-FF30B3E51852}.Release|Mixed Platforms.ActiveCfg = Release|Any CPU
		{ED68CFFC-715C-41DA-86D0-FF30B3E51852}.Release|Mixed Platforms.Build.0 = Release|Any CPU
		{52A62A66-922D-411A-A358-C49EBFDF812E}.Ad-Hoc|Any CPU.ActiveCfg = Ad-Hoc|iPhone
		{52A62A66-922D-411A-A358-C49EBFDF812E}.Ad-Hoc|iPhone.ActiveCfg = Ad-Hoc|iPhone
		{52A62A66-922D-411A-A358-C49EBFDF812E}.Ad-Hoc|iPhone.Build.0 = Ad-Hoc|iPhone
		{52A62A66-922D-411A-A358-C49EBFDF812E}.Ad-Hoc|iPhone.Deploy.0 = Ad-Hoc|iPhone
		{52A62A66-922D-411A-A358-C49EBFDF812E}.Ad-Hoc|iPhoneSimulator.ActiveCfg = Ad-Hoc|iPhoneSimulator
		{52A62A66-922D-411A-A358-C49EBFDF812E}.Ad-Hoc|iPhoneSimulator.Build.0 = Ad-Hoc|iPhoneSimulator
		{52A62A66-922D-411A-A358-C49EBFDF812E}.Ad-Hoc|iPhoneSimulator.Deploy.0 = Ad-Hoc|iPhoneSimulator
		{52A62A66-922D-411A-A358-C49EBFDF812E}.Ad-Hoc|Mixed Platforms.ActiveCfg = Ad-Hoc|iPhone
		{52A62A66-922D-411A-A358-C49EBFDF812E}.Ad-Hoc|Mixed Platforms.Build.0 = Ad-Hoc|iPhone
		{52A62A66-922D-411A-A358-C49EBFDF812E}.Ad-Hoc|Mixed Platforms.Deploy.0 = Ad-Hoc|iPhone
		{52A62A66-922D-411A-A358-C49EBFDF812E}.AppStore|Any CPU.ActiveCfg = AppStore|iPhone
		{52A62A66-922D-411A-A358-C49EBFDF812E}.AppStore|iPhone.ActiveCfg = AppStore|iPhone
		{52A62A66-922D-411A-A358-C49EBFDF812E}.AppStore|iPhone.Build.0 = AppStore|iPhone
		{52A62A66-922D-411A-A358-C49EBFDF812E}.AppStore|iPhone.Deploy.0 = AppStore|iPhone
		{52A62A66-922D-411A-A358-C49EBFDF812E}.AppStore|iPhoneSimulator.ActiveCfg = AppStore|iPhoneSimulator
		{52A62A66-922D-411A-A358-C49EBFDF812E}.AppStore|iPhoneSimulator.Build.0 = AppStore|iPhoneSimulator
		{52A62A66-922D-411A-A358-C49EBFDF812E}.AppStore|iPhoneSimulator.Deploy.0 = AppStore|iPhoneSimulator
		{52A62A66-922D-411A-A358-C49EBFDF812E}.AppStore|Mixed Platforms.ActiveCfg = AppStore|iPhone
		{52A62A66-922D-411A-A358-C49EBFDF812E}.AppStore|Mixed Platforms.Build.0 = AppStore|iPhone
		{52A62A66-922D-411A-A358-C49EBFDF812E}.AppStore|Mixed Platforms.Deploy.0 = AppStore|iPhone
		{52A62A66-922D-411A-A358-C49EBFDF812E}.Debug|Any CPU.ActiveCfg = Debug|iPhone
		{52A62A66-922D-411A-A358-C49EBFDF812E}.Debug|iPhone.ActiveCfg = Debug|iPhone
		{52A62A66-922D-411A-A358-C49EBFDF812E}.Debug|iPhone.Build.0 = Debug|iPhone
		{52A62A66-922D-411A-A358-C49EBFDF812E}.Debug|iPhone.Deploy.0 = Debug|iPhone
		{52A62A66-922D-411A-A358-C49EBFDF812E}.Debug|iPhoneSimulator.ActiveCfg = Debug|iPhoneSimulator
		{52A62A66-922D-411A-A358-C49EBFDF812E}.Debug|iPhoneSimulator.Build.0 = Debug|iPhoneSimulator
		{52A62A66-922D-411A-A358-C49EBFDF812E}.Debug|iPhoneSimulator.Deploy.0 = Debug|iPhoneSimulator
		{52A62A66-922D-411A-A358-C49EBFDF812E}.Debug|Mixed Platforms.ActiveCfg = Debug|iPhone
		{52A62A66-922D-411A-A358-C49EBFDF812E}.Debug|Mixed Platforms.Build.0 = Debug|iPhone
		{52A62A66-922D-411A-A358-C49EBFDF812E}.Debug|Mixed Platforms.Deploy.0 = Debug|iPhone
		{52A62A66-922D-411A-A358-C49EBFDF812E}.Release|Any CPU.ActiveCfg = Release|iPhone
		{52A62A66-922D-411A-A358-C49EBFDF812E}.Release|iPhone.ActiveCfg = Release|iPhone
		{52A62A66-922D-411A-A358-C49EBFDF812E}.Release|iPhone.Build.0 = Release|iPhone
		{52A62A66-922D-411A-A358-C49EBFDF812E}.Release|iPhone.Deploy.0 = Release|iPhone
		{52A62A66-922D-411A-A358-C49EBFDF812E}.Release|iPhoneSimulator.ActiveCfg = Release|iPhoneSimulator
		{52A62A66-922D-411A-A358-C49EBFDF812E}.Release|iPhoneSimulator.Build.0 = Release|iPhoneSimulator
		{52A62A66-922D-411A-A358-C49EBFDF812E}.Release|iPhoneSimulator.Deploy.0 = Release|iPhoneSimulator
		{52A62A66-922D-411A-A358-C49EBFDF812E}.Release|Mixed Platforms.ActiveCfg = Release|iPhone
		{52A62A66-922D-411A-A358-C49EBFDF812E}.Release|Mixed Platforms.Build.0 = Release|iPhone
		{52A62A66-922D-411A-A358-C49EBFDF812E}.Release|Mixed Platforms.Deploy.0 = Release|iPhone
		{4A293B12-57A7-4D13-B923-8EAEF50A4623}.Ad-Hoc|Any CPU.ActiveCfg = Release|Any CPU
		{4A293B12-57A7-4D13-B923-8EAEF50A4623}.Ad-Hoc|Any CPU.Build.0 = Release|Any CPU
		{4A293B12-57A7-4D13-B923-8EAEF50A4623}.Ad-Hoc|Any CPU.Deploy.0 = Release|Any CPU
		{4A293B12-57A7-4D13-B923-8EAEF50A4623}.Ad-Hoc|iPhone.ActiveCfg = Release|Any CPU
		{4A293B12-57A7-4D13-B923-8EAEF50A4623}.Ad-Hoc|iPhoneSimulator.ActiveCfg = Release|Any CPU
		{4A293B12-57A7-4D13-B923-8EAEF50A4623}.Ad-Hoc|Mixed Platforms.ActiveCfg = Release|x86
		{4A293B12-57A7-4D13-B923-8EAEF50A4623}.Ad-Hoc|Mixed Platforms.Build.0 = Release|x86
		{4A293B12-57A7-4D13-B923-8EAEF50A4623}.Ad-Hoc|Mixed Platforms.Deploy.0 = Release|x86
		{4A293B12-57A7-4D13-B923-8EAEF50A4623}.AppStore|Any CPU.ActiveCfg = Release|Any CPU
		{4A293B12-57A7-4D13-B923-8EAEF50A4623}.AppStore|Any CPU.Build.0 = Release|Any CPU
		{4A293B12-57A7-4D13-B923-8EAEF50A4623}.AppStore|Any CPU.Deploy.0 = Release|Any CPU
		{4A293B12-57A7-4D13-B923-8EAEF50A4623}.AppStore|iPhone.ActiveCfg = Release|Any CPU
		{4A293B12-57A7-4D13-B923-8EAEF50A4623}.AppStore|iPhoneSimulator.ActiveCfg = Release|Any CPU
		{4A293B12-57A7-4D13-B923-8EAEF50A4623}.AppStore|Mixed Platforms.ActiveCfg = Release|x86
		{4A293B12-57A7-4D13-B923-8EAEF50A4623}.AppStore|Mixed Platforms.Build.0 = Release|x86
		{4A293B12-57A7-4D13-B923-8EAEF50A4623}.AppStore|Mixed Platforms.Deploy.0 = Release|x86
		{4A293B12-57A7-4D13-B923-8EAEF50A4623}.Debug|Any CPU.ActiveCfg = Debug|x86
		{4A293B12-57A7-4D13-B923-8EAEF50A4623}.Debug|Any CPU.Build.0 = Debug|x86
		{4A293B12-57A7-4D13-B923-8EAEF50A4623}.Debug|Any CPU.Deploy.0 = Debug|x86
		{4A293B12-57A7-4D13-B923-8EAEF50A4623}.Debug|iPhone.ActiveCfg = Debug|Any CPU
		{4A293B12-57A7-4D13-B923-8EAEF50A4623}.Debug|iPhoneSimulator.ActiveCfg = Debug|Any CPU
		{4A293B12-57A7-4D13-B923-8EAEF50A4623}.Debug|Mixed Platforms.ActiveCfg = Debug|x86
		{4A293B12-57A7-4D13-B923-8EAEF50A4623}.Debug|Mixed Platforms.Build.0 = Debug|x86
		{4A293B12-57A7-4D13-B923-8EAEF50A4623}.Debug|Mixed Platforms.Deploy.0 = Debug|x86
		{4A293B12-57A7-4D13-B923-8EAEF50A4623}.Release|Any CPU.ActiveCfg = Release|x86
		{4A293B12-57A7-4D13-B923-8EAEF50A4623}.Release|Any CPU.Build.0 = Release|x86
		{4A293B12-57A7-4D13-B923-8EAEF50A4623}.Release|Any CPU.Deploy.0 = Release|x86
		{4A293B12-57A7-4D13-B923-8EAEF50A4623}.Release|iPhone.ActiveCfg = Release|Any CPU
		{4A293B12-57A7-4D13-B923-8EAEF50A4623}.Release|iPhoneSimulator.ActiveCfg = Release|Any CPU
		{4A293B12-57A7-4D13-B923-8EAEF50A4623}.Release|Mixed Platforms.ActiveCfg = Release|x86
		{4A293B12-57A7-4D13-B923-8EAEF50A4623}.Release|Mixed Platforms.Build.0 = Release|x86
		{4A293B12-57A7-4D13-B923-8EAEF50A4623}.Release|Mixed Platforms.Deploy.0 = Release|x86
		{417D9532-4D10-4071-9DDE-6D4BC1CFEBA8}.Ad-Hoc|Any CPU.ActiveCfg = Release|x86
		{417D9532-4D10-4071-9DDE-6D4BC1CFEBA8}.Ad-Hoc|iPhone.ActiveCfg = Release|x86
		{417D9532-4D10-4071-9DDE-6D4BC1CFEBA8}.Ad-Hoc|iPhoneSimulator.ActiveCfg = Release|x86
		{417D9532-4D10-4071-9DDE-6D4BC1CFEBA8}.Ad-Hoc|Mixed Platforms.ActiveCfg = Release|x86
		{417D9532-4D10-4071-9DDE-6D4BC1CFEBA8}.AppStore|Any CPU.ActiveCfg = Release|x86
		{417D9532-4D10-4071-9DDE-6D4BC1CFEBA8}.AppStore|iPhone.ActiveCfg = Release|x86
		{417D9532-4D10-4071-9DDE-6D4BC1CFEBA8}.AppStore|iPhoneSimulator.ActiveCfg = Release|x86
		{417D9532-4D10-4071-9DDE-6D4BC1CFEBA8}.AppStore|Mixed Platforms.ActiveCfg = Release|x86
		{417D9532-4D10-4071-9DDE-6D4BC1CFEBA8}.Debug|Any CPU.ActiveCfg = Debug|x86
		{417D9532-4D10-4071-9DDE-6D4BC1CFEBA8}.Debug|Any CPU.Build.0 = Debug|x86
		{417D9532-4D10-4071-9DDE-6D4BC1CFEBA8}.Debug|Any CPU.Deploy.0 = Debug|x86
		{417D9532-4D10-4071-9DDE-6D4BC1CFEBA8}.Debug|iPhone.ActiveCfg = Debug|x86
		{417D9532-4D10-4071-9DDE-6D4BC1CFEBA8}.Debug|iPhoneSimulator.ActiveCfg = Debug|x86
		{417D9532-4D10-4071-9DDE-6D4BC1CFEBA8}.Debug|Mixed Platforms.ActiveCfg = Debug|x86
		{417D9532-4D10-4071-9DDE-6D4BC1CFEBA8}.Debug|Mixed Platforms.Build.0 = Debug|x86
		{417D9532-4D10-4071-9DDE-6D4BC1CFEBA8}.Debug|Mixed Platforms.Deploy.0 = Debug|x86
		{417D9532-4D10-4071-9DDE-6D4BC1CFEBA8}.Release|Any CPU.ActiveCfg = Release|x86
		{417D9532-4D10-4071-9DDE-6D4BC1CFEBA8}.Release|Any CPU.Build.0 = Release|x86
		{417D9532-4D10-4071-9DDE-6D4BC1CFEBA8}.Release|Any CPU.Deploy.0 = Release|x86
		{417D9532-4D10-4071-9DDE-6D4BC1CFEBA8}.Release|iPhone.ActiveCfg = Release|x86
		{417D9532-4D10-4071-9DDE-6D4BC1CFEBA8}.Release|iPhoneSimulator.ActiveCfg = Release|x86
		{417D9532-4D10-4071-9DDE-6D4BC1CFEBA8}.Release|Mixed Platforms.ActiveCfg = Release|x86
		{417D9532-4D10-4071-9DDE-6D4BC1CFEBA8}.Release|Mixed Platforms.Build.0 = Release|x86
		{417D9532-4D10-4071-9DDE-6D4BC1CFEBA8}.Release|Mixed Platforms.Deploy.0 = Release|x86
	EndGlobalSection
	GlobalSection(SolutionProperties) = preSolution
		HideSolutionNode = FALSE
	EndGlobalSection
EndGlobal
