
Microsoft Visual Studio Solution File, Format Version 12.00
# Visual Studio 2013
VisualStudioVersion = 12.0.30501.0
MinimumVisualStudioVersion = 10.0.40219.1
Project("{FAE04EC0-301F-11D3-BF4B-00C04F79EFBC}") = "demo.Android", "demo.Android\demo.Android.csproj", "{81E2BCDF-682E-4E00-8B06-F582E2BE74D6}"
EndProject
Project("{FAE04EC0-301F-11D3-BF4B-00C04F79EFBC}") = "demo.Shared", "demo.Shared\demo.Shared.csproj", "{C336CD7F-48A0-4151-950F-B3F3F16E4C22}"
EndProject
Project("{FAE04EC0-301F-11D3-BF4B-00C04F79EFBC}") = "demo.iOS", "demo.iOS\demo.iOS.csproj", "{30C54AC1-C6B0-4681-92D0-64858FCE8D50}"
EndProject
Project("{FAE04EC0-301F-11D3-BF4B-00C04F79EFBC}") = "demo.WinPhone", "demo.WinPhone\demo.WinPhone.csproj", "{81068D3D-D34B-4249-B060-B424AD65F782}"
EndProject
Project("{FAE04EC0-301F-11D3-BF4B-00C04F79EFBC}") = "demo.Windows", "demo.Windows\demo.Windows.csproj", "{BC0B6F13-47A2-4915-977C-CBEE0ED7DA45}"
EndProject
Global
	GlobalSection(SolutionConfigurationPlatforms) = preSolution
		Ad-Hoc|Any CPU = Ad-Hoc|Any CPU
		Ad-Hoc|iPhone = Ad-Hoc|iPhone
		Ad-Hoc|iPhoneSimulator = Ad-Hoc|iPhoneSimulator
		Ad-Hoc|Mixed Platforms = Ad-Hoc|Mixed Platforms
		AppStore|Any CPU = AppStore|Any CPU
		AppStore|iPhone = AppStore|iPhone
		AppStore|iPhoneSimulator = AppStore|iPhoneSimulator
		AppStore|Mixed Platforms = AppStore|Mixed Platforms
		Debug|Any CPU = Debug|Any CPU
		Debug|iPhone = Debug|iPhone
		Debug|iPhoneSimulator = Debug|iPhoneSimulator
		Debug|Mixed Platforms = Debug|Mixed Platforms
		Release|Any CPU = Release|Any CPU
		Release|iPhone = Release|iPhone
		Release|iPhoneSimulator = Release|iPhoneSimulator
		Release|Mixed Platforms = Release|Mixed Platforms
	EndGlobalSection
	GlobalSection(ProjectConfigurationPlatforms) = postSolution
		{C336CD7F-48A0-4151-950F-B3F3F16E4C22}.Ad-Hoc|Any CPU.ActiveCfg = Release|Any CPU
		{C336CD7F-48A0-4151-950F-B3F3F16E4C22}.Ad-Hoc|Any CPU.Build.0 = Release|Any CPU
		{C336CD7F-48A0-4151-950F-B3F3F16E4C22}.Ad-Hoc|iPhone.ActiveCfg = Release|Any CPU
		{C336CD7F-48A0-4151-950F-B3F3F16E4C22}.Ad-Hoc|iPhone.Build.0 = Release|Any CPU
		{C336CD7F-48A0-4151-950F-B3F3F16E4C22}.Ad-Hoc|iPhoneSimulator.ActiveCfg = Release|Any CPU
		{C336CD7F-48A0-4151-950F-B3F3F16E4C22}.Ad-Hoc|iPhoneSimulator.Build.0 = Release|Any CPU
		{C336CD7F-48A0-4151-950F-B3F3F16E4C22}.Ad-Hoc|Mixed Platforms.ActiveCfg = Release|Any CPU
		{C336CD7F-48A0-4151-950F-B3F3F16E4C22}.Ad-Hoc|Mixed Platforms.Build.0 = Release|Any CPU
		{C336CD7F-48A0-4151-950F-B3F3F16E4C22}.AppStore|Any CPU.ActiveCfg = Release|Any CPU
		{C336CD7F-48A0-4151-950F-B3F3F16E4C22}.AppStore|Any CPU.Build.0 = Release|Any CPU
		{C336CD7F-48A0-4151-950F-B3F3F16E4C22}.AppStore|iPhone.ActiveCfg = Release|Any CPU
		{C336CD7F-48A0-4151-950F-B3F3F16E4C22}.AppStore|iPhone.Build.0 = Release|Any CPU
		{C336CD7F-48A0-4151-950F-B3F3F16E4C22}.AppStore|iPhoneSimulator.ActiveCfg = Release|Any CPU
		{C336CD7F-48A0-4151-950F-B3F3F16E4C22}.AppStore|iPhoneSimulator.Build.0 = Release|Any CPU
		{C336CD7F-48A0-4151-950F-B3F3F16E4C22}.AppStore|Mixed Platforms.ActiveCfg = Release|Any CPU
		{C336CD7F-48A0-4151-950F-B3F3F16E4C22}.AppStore|Mixed Platforms.Build.0 = Release|Any CPU
		{C336CD7F-48A0-4151-950F-B3F3F16E4C22}.Debug|Any CPU.ActiveCfg = Debug|Any CPU
		{C336CD7F-48A0-4151-950F-B3F3F16E4C22}.Debug|Any CPU.Build.0 = Debug|Any CPU
		{C336CD7F-48A0-4151-950F-B3F3F16E4C22}.Debug|iPhone.ActiveCfg = Debug|Any CPU
		{C336CD7F-48A0-4151-950F-B3F3F16E4C22}.Debug|iPhone.Build.0 = Debug|iPhone
		{C336CD7F-48A0-4151-950F-B3F3F16E4C22}.Debug|iPhoneSimulator.ActiveCfg = Debug|Any CPU
		{C336CD7F-48A0-4151-950F-B3F3F16E4C22}.Debug|iPhoneSimulator.Build.0 = Debug|iPhoneSimulator
		{C336CD7F-48A0-4151-950F-B3F3F16E4C22}.Debug|Mixed Platforms.ActiveCfg = Debug|Any CPU
		{C336CD7F-48A0-4151-950F-B3F3F16E4C22}.Debug|Mixed Platforms.Build.0 = Debug|Any CPU
		{C336CD7F-48A0-4151-950F-B3F3F16E4C22}.Release|Any CPU.ActiveCfg = Release|Any CPU
		{C336CD7F-48A0-4151-950F-B3F3F16E4C22}.Release|Any CPU.Build.0 = Release|Any CPU
		{C336CD7F-48A0-4151-950F-B3F3F16E4C22}.Release|iPhone.ActiveCfg = Release|Any CPU
		{C336CD7F-48A0-4151-950F-B3F3F16E4C22}.Release|iPhone.Build.0 = Release|iPhone
		{C336CD7F-48A0-4151-950F-B3F3F16E4C22}.Release|iPhoneSimulator.ActiveCfg = Release|Any CPU
		{C336CD7F-48A0-4151-950F-B3F3F16E4C22}.Release|iPhoneSimulator.Build.0 = Release|iPhoneSimulator
		{C336CD7F-48A0-4151-950F-B3F3F16E4C22}.Release|Mixed Platforms.ActiveCfg = Release|Any CPU
		{C336CD7F-48A0-4151-950F-B3F3F16E4C22}.Release|Mixed Platforms.Build.0 = Release|Any CPU
		{30C54AC1-C6B0-4681-92D0-64858FCE8D50}.Ad-Hoc|Any CPU.ActiveCfg = Ad-Hoc|iPhone
		{30C54AC1-C6B0-4681-92D0-64858FCE8D50}.Ad-Hoc|iPhone.ActiveCfg = Ad-Hoc|iPhone
		{30C54AC1-C6B0-4681-92D0-64858FCE8D50}.Ad-Hoc|iPhone.Build.0 = Ad-Hoc|iPhone
		{30C54AC1-C6B0-4681-92D0-64858FCE8D50}.Ad-Hoc|iPhone.Deploy.0 = Ad-Hoc|iPhone
		{30C54AC1-C6B0-4681-92D0-64858FCE8D50}.Ad-Hoc|iPhoneSimulator.ActiveCfg = Ad-Hoc|iPhoneSimulator
		{30C54AC1-C6B0-4681-92D0-64858FCE8D50}.Ad-Hoc|iPhoneSimulator.Build.0 = Ad-Hoc|iPhoneSimulator
		{30C54AC1-C6B0-4681-92D0-64858FCE8D50}.Ad-Hoc|iPhoneSimulator.Deploy.0 = Ad-Hoc|iPhoneSimulator
		{30C54AC1-C6B0-4681-92D0-64858FCE8D50}.Ad-Hoc|Mixed Platforms.ActiveCfg = Ad-Hoc|iPhone
		{30C54AC1-C6B0-4681-92D0-64858FCE8D50}.Ad-Hoc|Mixed Platforms.Build.0 = Ad-Hoc|iPhone
		{30C54AC1-C6B0-4681-92D0-64858FCE8D50}.Ad-Hoc|Mixed Platforms.Deploy.0 = Ad-Hoc|iPhone
		{30C54AC1-C6B0-4681-92D0-64858FCE8D50}.AppStore|Any CPU.ActiveCfg = AppStore|iPhone
		{30C54AC1-C6B0-4681-92D0-64858FCE8D50}.AppStore|iPhone.ActiveCfg = AppStore|iPhone
		{30C54AC1-C6B0-4681-92D0-64858FCE8D50}.AppStore|iPhone.Build.0 = AppStore|iPhone
		{30C54AC1-C6B0-4681-92D0-64858FCE8D50}.AppStore|iPhone.Deploy.0 = AppStore|iPhone
		{30C54AC1-C6B0-4681-92D0-64858FCE8D50}.AppStore|iPhoneSimulator.ActiveCfg = AppStore|iPhoneSimulator
		{30C54AC1-C6B0-4681-92D0-64858FCE8D50}.AppStore|iPhoneSimulator.Build.0 = AppStore|iPhoneSimulator
		{30C54AC1-C6B0-4681-92D0-64858FCE8D50}.AppStore|iPhoneSimulator.Deploy.0 = AppStore|iPhoneSimulator
		{30C54AC1-C6B0-4681-92D0-64858FCE8D50}.AppStore|Mixed Platforms.ActiveCfg = AppStore|iPhone
		{30C54AC1-C6B0-4681-92D0-64858FCE8D50}.AppStore|Mixed Platforms.Build.0 = AppStore|iPhone
		{30C54AC1-C6B0-4681-92D0-64858FCE8D50}.AppStore|Mixed Platforms.Deploy.0 = AppStore|iPhone
		{30C54AC1-C6B0-4681-92D0-64858FCE8D50}.Debug|Any CPU.ActiveCfg = Debug|iPhone
		{30C54AC1-C6B0-4681-92D0-64858FCE8D50}.Debug|iPhone.ActiveCfg = Debug|iPhone
		{30C54AC1-C6B0-4681-92D0-64858FCE8D50}.Debug|iPhone.Build.0 = Debug|iPhone
		{30C54AC1-C6B0-4681-92D0-64858FCE8D50}.Debug|iPhone.Deploy.0 = Debug|iPhone
		{30C54AC1-C6B0-4681-92D0-64858FCE8D50}.Debug|iPhoneSimulator.ActiveCfg = Debug|iPhoneSimulator
		{30C54AC1-C6B0-4681-92D0-64858FCE8D50}.Debug|iPhoneSimulator.Build.0 = Debug|iPhoneSimulator
		{30C54AC1-C6B0-4681-92D0-64858FCE8D50}.Debug|iPhoneSimulator.Deploy.0 = Debug|iPhoneSimulator
		{30C54AC1-C6B0-4681-92D0-64858FCE8D50}.Debug|Mixed Platforms.ActiveCfg = Debug|iPhone
		{30C54AC1-C6B0-4681-92D0-64858FCE8D50}.Debug|Mixed Platforms.Build.0 = Debug|iPhone
		{30C54AC1-C6B0-4681-92D0-64858FCE8D50}.Debug|Mixed Platforms.Deploy.0 = Debug|iPhone
		{30C54AC1-C6B0-4681-92D0-64858FCE8D50}.Release|Any CPU.ActiveCfg = Release|iPhone
		{30C54AC1-C6B0-4681-92D0-64858FCE8D50}.Release|iPhone.ActiveCfg = Release|iPhone
		{30C54AC1-C6B0-4681-92D0-64858FCE8D50}.Release|iPhone.Build.0 = Release|iPhone
		{30C54AC1-C6B0-4681-92D0-64858FCE8D50}.Release|iPhone.Deploy.0 = Release|iPhone
		{30C54AC1-C6B0-4681-92D0-64858FCE8D50}.Release|iPhoneSimulator.ActiveCfg = Release|iPhoneSimulator
		{30C54AC1-C6B0-4681-92D0-64858FCE8D50}.Release|iPhoneSimulator.Build.0 = Release|iPhoneSimulator
		{30C54AC1-C6B0-4681-92D0-64858FCE8D50}.Release|iPhoneSimulator.Deploy.0 = Release|iPhoneSimulator
		{30C54AC1-C6B0-4681-92D0-64858FCE8D50}.Release|Mixed Platforms.ActiveCfg = Release|iPhone
		{30C54AC1-C6B0-4681-92D0-64858FCE8D50}.Release|Mixed Platforms.Build.0 = Release|iPhone
		{30C54AC1-C6B0-4681-92D0-64858FCE8D50}.Release|Mixed Platforms.Deploy.0 = Release|iPhone
		{81E2BCDF-682E-4E00-8B06-F582E2BE74D6}.Debug|Any CPU.ActiveCfg = Debug|Any CPU
		{81E2BCDF-682E-4E00-8B06-F582E2BE74D6}.Debug|Any CPU.Build.0 = Debug|Any CPU
		{81E2BCDF-682E-4E00-8B06-F582E2BE74D6}.Debug|Any CPU.Deploy.0 = Debug|Any CPU
		{81E2BCDF-682E-4E00-8B06-F582E2BE74D6}.Debug|Mixed Platforms.ActiveCfg = Debug|Any CPU
		{81E2BCDF-682E-4E00-8B06-F582E2BE74D6}.Debug|Mixed Platforms.Build.0 = Debug|Any CPU
		{81E2BCDF-682E-4E00-8B06-F582E2BE74D6}.Debug|Mixed Platforms.Deploy.0 = Debug|Any CPU
		{81E2BCDF-682E-4E00-8B06-F582E2BE74D6}.Release|Any CPU.ActiveCfg = Release|Any CPU
		{81E2BCDF-682E-4E00-8B06-F582E2BE74D6}.Release|Any CPU.Build.0 = Release|Any CPU
		{81E2BCDF-682E-4E00-8B06-F582E2BE74D6}.Release|Any CPU.Deploy.0 = Release|Any CPU
		{81E2BCDF-682E-4E00-8B06-F582E2BE74D6}.Release|Mixed Platforms.ActiveCfg = Release|Any CPU
		{81E2BCDF-682E-4E00-8B06-F582E2BE74D6}.Release|Mixed Platforms.Build.0 = Release|Any CPU
		{81E2BCDF-682E-4E00-8B06-F582E2BE74D6}.Release|Mixed Platforms.Deploy.0 = Release|Any CPU
		{81068D3D-D34B-4249-B060-B424AD65F782}.Debug|Any CPU.ActiveCfg = Debug|ARM
		{81068D3D-D34B-4249-B060-B424AD65F782}.Debug|Any CPU.Build.0 = Debug|ARM
		{81068D3D-D34B-4249-B060-B424AD65F782}.Debug|Any CPU.Deploy.0 = Debug|ARM
		{81068D3D-D34B-4249-B060-B424AD65F782}.Debug|Mixed Platforms.ActiveCfg = Debug|ARM
		{81068D3D-D34B-4249-B060-B424AD65F782}.Debug|Mixed Platforms.Build.0 = Debug|ARM
		{81068D3D-D34B-4249-B060-B424AD65F782}.Debug|Mixed Platforms.Deploy.0 = Debug|ARM
		{81068D3D-D34B-4249-B060-B424AD65F782}.Release|Any CPU.ActiveCfg = Release|ARM
		{81068D3D-D34B-4249-B060-B424AD65F782}.Release|Any CPU.Build.0 = Release|ARM
		{81068D3D-D34B-4249-B060-B424AD65F782}.Release|Any CPU.Deploy.0 = Release|ARM
		{81068D3D-D34B-4249-B060-B424AD65F782}.Release|Mixed Platforms.ActiveCfg = Release|ARM
		{81068D3D-D34B-4249-B060-B424AD65F782}.Release|Mixed Platforms.Build.0 = Release|ARM
		{81068D3D-D34B-4249-B060-B424AD65F782}.Release|Mixed Platforms.Deploy.0 = Release|ARM
	EndGlobalSection
	GlobalSection(SolutionProperties) = preSolution
		HideSolutionNode = FALSE
	EndGlobalSection
EndGlobal
